
Microsoft Visual Studio Solution File, Format Version 12.00
# Visual Studio Version 16
VisualStudioVersion = 16.0.30011.22
MinimumVisualStudioVersion = 10.0.40219.1
Project("{9A19103F-16F7-4668-BE54-9A1E7A4F7556}") = "OurProject", "OurProject\OurProject.csproj", "{4145D288-90A2-41F6-99E8-DA251612CF40}"
EndProject
Project("{9A19103F-16F7-4668-BE54-9A1E7A4F7556}") = "OurProject.Model", "OurProject.Model\OurProject.Model.csproj", "{6866C007-B1DA-44D6-8025-AAECA2BDC60C}"
EndProject
Project("{9A19103F-16F7-4668-BE54-9A1E7A4F7556}") = "OurProject.DataAccess", "OurProject.DataAccess\OurProject.DataAccess.csproj", "{D067B815-D850-42EB-BB9E-FAD7462BDCC9}"
EndProject
Project("{9A19103F-16F7-4668-BE54-9A1E7A4F7556}") = "OurProject.ViewModel", "OurProject.ViewModel\OurProject.ViewModel.csproj", "{4D4238B2-C752-4D3E-81EB-D87F8C2EFFA2}"
EndProject
Project("{9A19103F-16F7-4668-BE54-9A1E7A4F7556}") = "OurProject.Test", "OurProject.Test\OurProject.Test.csproj", "{4290E3ED-0202-4B1B-B652-F96362EB3406}"
EndProject
Global
	GlobalSection(SolutionConfigurationPlatforms) = preSolution
		Debug|Any CPU = Debug|Any CPU
		Release|Any CPU = Release|Any CPU
	EndGlobalSection
	GlobalSection(ProjectConfigurationPlatforms) = postSolution
		{4145D288-90A2-41F6-99E8-DA251612CF40}.Debug|Any CPU.ActiveCfg = Debug|Any CPU
		{4145D288-90A2-41F6-99E8-DA251612CF40}.Debug|Any CPU.Build.0 = Debug|Any CPU
		{4145D288-90A2-41F6-99E8-DA251612CF40}.Release|Any CPU.ActiveCfg = Release|Any CPU
		{4145D288-90A2-41F6-99E8-DA251612CF40}.Release|Any CPU.Build.0 = Release|Any CPU
		{6866C007-B1DA-44D6-8025-AAECA2BDC60C}.Debug|Any CPU.ActiveCfg = Debug|Any CPU
		{6866C007-B1DA-44D6-8025-AAECA2BDC60C}.Debug|Any CPU.Build.0 = Debug|Any CPU
		{6866C007-B1DA-44D6-8025-AAECA2BDC60C}.Release|Any CPU.ActiveCfg = Release|Any CPU
		{6866C007-B1DA-44D6-8025-AAECA2BDC60C}.Release|Any CPU.Build.0 = Release|Any CPU
		{D067B815-D850-42EB-BB9E-FAD7462BDCC9}.Debug|Any CPU.ActiveCfg = Debug|Any CPU
		{D067B815-D850-42EB-BB9E-FAD7462BDCC9}.Debug|Any CPU.Build.0 = Debug|Any CPU
		{D067B815-D850-42EB-BB9E-FAD7462BDCC9}.Release|Any CPU.ActiveCfg = Release|Any CPU
		{D067B815-D850-42EB-BB9E-FAD7462BDCC9}.Release|Any CPU.Build.0 = Release|Any CPU
		{4D4238B2-C752-4D3E-81EB-D87F8C2EFFA2}.Debug|Any CPU.ActiveCfg = Debug|Any CPU
		{4D4238B2-C752-4D3E-81EB-D87F8C2EFFA2}.Debug|Any CPU.Build.0 = Debug|Any CPU
		{4D4238B2-C752-4D3E-81EB-D87F8C2EFFA2}.Release|Any CPU.ActiveCfg = Release|Any CPU
		{4D4238B2-C752-4D3E-81EB-D87F8C2EFFA2}.Release|Any CPU.Build.0 = Release|Any CPU
		{4290E3ED-0202-4B1B-B652-F96362EB3406}.Debug|Any CPU.ActiveCfg = Debug|Any CPU
		{4290E3ED-0202-4B1B-B652-F96362EB3406}.Debug|Any CPU.Build.0 = Debug|Any CPU
		{4290E3ED-0202-4B1B-B652-F96362EB3406}.Release|Any CPU.ActiveCfg = Release|Any CPU
		{4290E3ED-0202-4B1B-B652-F96362EB3406}.Release|Any CPU.Build.0 = Release|Any CPU
	EndGlobalSection
	GlobalSection(SolutionProperties) = preSolution
		HideSolutionNode = FALSE
	EndGlobalSection
	GlobalSection(ExtensibilityGlobals) = postSolution
		SolutionGuid = {1F219808-E6E8-4C1D-B846-41F2F7CF20FA}
	EndGlobalSection
EndGlobal
